# This file is automatically @generated by Cargo.
# It is not intended for manual editing.
version = 3

[[package]]
name = "bellman-ford-2"
version = "0.1.0"
dependencies = [
 "gcollections",
]

[[package]]
name = "gcollections"
version = "0.1.0"
source = "git+https://github.com/YutaFujii0/gcollections#8461b7ec0e5b20c54c7b2cafde6f523887ded9ff"
