# This file is automatically @generated by Cargo.
# It is not intended for manual editing.
version = 3

[[package]]
name = "datastructures"
version = "0.1.2"
source = "registry+https://github.com/rust-lang/crates.io-index"
checksum = "08daf35fe0c3238874a7807a55a149ff5df242afc28f65cff4aa556c82e10de3"

[[package]]
name = "median"
version = "0.1.0"
dependencies = [
 "datastructures",
]
